
Microsoft Visual Studio Solution File, Format Version 12.00
# Visual Studio 15
VisualStudioVersion = 15.0.27004.2008
MinimumVisualStudioVersion = 10.0.40219.1
Project("{9A19103F-16F7-4668-BE54-9A1E7A4F7556}") = "CMax.Api.Versioning", "src\CMax.Api.Versioning\CMax.Api.Versioning.csproj", "{AB3E4291-B929-48F9-9027-C163A2371F0C}"
EndProject
Project("{FAE04EC0-301F-11D3-BF4B-00C04F79EFBC}") = "CMax.Api.Versioning.Tests", "test\CMax.Api.Versioning.Tests\CMax.Api.Versioning.Tests.csproj", "{3609128E-A87A-4E80-9EED-411537012715}"
EndProject
Project("{FAE04EC0-301F-11D3-BF4B-00C04F79EFBC}") = "CMax.Api.Versioning.Sample", "samples\CMax.Api.Versioning.Sample\CMax.Api.Versioning.Sample.csproj", "{AC56075D-6890-4704-984A-DD1B347EB47D}"
EndProject
Global
	GlobalSection(SolutionConfigurationPlatforms) = preSolution
		Debug|Any CPU = Debug|Any CPU
		Release|Any CPU = Release|Any CPU
	EndGlobalSection
	GlobalSection(ProjectConfigurationPlatforms) = postSolution
		{AB3E4291-B929-48F9-9027-C163A2371F0C}.Debug|Any CPU.ActiveCfg = Debug|Any CPU
		{AB3E4291-B929-48F9-9027-C163A2371F0C}.Debug|Any CPU.Build.0 = Debug|Any CPU
		{AB3E4291-B929-48F9-9027-C163A2371F0C}.Release|Any CPU.ActiveCfg = Release|Any CPU
		{AB3E4291-B929-48F9-9027-C163A2371F0C}.Release|Any CPU.Build.0 = Release|Any CPU
		{3609128E-A87A-4E80-9EED-411537012715}.Debug|Any CPU.ActiveCfg = Debug|Any CPU
		{3609128E-A87A-4E80-9EED-411537012715}.Debug|Any CPU.Build.0 = Debug|Any CPU
		{3609128E-A87A-4E80-9EED-411537012715}.Release|Any CPU.ActiveCfg = Release|Any CPU
		{3609128E-A87A-4E80-9EED-411537012715}.Release|Any CPU.Build.0 = Release|Any CPU
		{AC56075D-6890-4704-984A-DD1B347EB47D}.Debug|Any CPU.ActiveCfg = Debug|Any CPU
		{AC56075D-6890-4704-984A-DD1B347EB47D}.Debug|Any CPU.Build.0 = Debug|Any CPU
		{AC56075D-6890-4704-984A-DD1B347EB47D}.Release|Any CPU.ActiveCfg = Release|Any CPU
		{AC56075D-6890-4704-984A-DD1B347EB47D}.Release|Any CPU.Build.0 = Release|Any CPU
	EndGlobalSection
	GlobalSection(SolutionProperties) = preSolution
		HideSolutionNode = FALSE
	EndGlobalSection
	GlobalSection(ExtensibilityGlobals) = postSolution
		SolutionGuid = {ECD9A440-1EFE-412D-B46C-DC39B7AD4CB8}
	EndGlobalSection
EndGlobal
